
Microsoft Visual Studio Solution File, Format Version 12.00
# Visual Studio Version 17
VisualStudioVersion = 17.5.33530.505
MinimumVisualStudioVersion = 10.0.40219.1
Project("{FAE04EC0-301F-11D3-BF4B-00C04F79EFBC}") = "Selection_Sort", "Selectopn_Sort\Selection_Sort.csproj", "{A514B070-5F71-4010-BC89-AD781DDFFF79}"
EndProject
Global
	GlobalSection(SolutionConfigurationPlatforms) = preSolution
		Debug|Any CPU = Debug|Any CPU
		Release|Any CPU = Release|Any CPU
	EndGlobalSection
	GlobalSection(ProjectConfigurationPlatforms) = postSolution
		{A514B070-5F71-4010-BC89-AD781DDFFF79}.Debug|Any CPU.ActiveCfg = Debug|Any CPU
		{A514B070-5F71-4010-BC89-AD781DDFFF79}.Debug|Any CPU.Build.0 = Debug|Any CPU
		{A514B070-5F71-4010-BC89-AD781DDFFF79}.Release|Any CPU.ActiveCfg = Release|Any CPU
		{A514B070-5F71-4010-BC89-AD781DDFFF79}.Release|Any CPU.Build.0 = Release|Any CPU
	EndGlobalSection
	GlobalSection(SolutionProperties) = preSolution
		HideSolutionNode = FALSE
	EndGlobalSection
	GlobalSection(ExtensibilityGlobals) = postSolution
		SolutionGuid = {B8FEB475-05C7-4D21-8E8C-BF4A3AD7E957}
	EndGlobalSection
EndGlobal
