
Microsoft Visual Studio Solution File, Format Version 12.00
# Visual Studio Version 17
VisualStudioVersion = 17.5.33530.505
MinimumVisualStudioVersion = 10.0.40219.1
Project("{FAE04EC0-301F-11D3-BF4B-00C04F79EFBC}") = "EFPracticeJoin", "EFPracticeJoin\EFPracticeJoin.csproj", "{565927A9-FD52-4F52-9041-71E577A3FA65}"
EndProject
Global
	GlobalSection(SolutionConfigurationPlatforms) = preSolution
		Debug|Any CPU = Debug|Any CPU
		Release|Any CPU = Release|Any CPU
	EndGlobalSection
	GlobalSection(ProjectConfigurationPlatforms) = postSolution
		{565927A9-FD52-4F52-9041-71E577A3FA65}.Debug|Any CPU.ActiveCfg = Debug|Any CPU
		{565927A9-FD52-4F52-9041-71E577A3FA65}.Debug|Any CPU.Build.0 = Debug|Any CPU
		{565927A9-FD52-4F52-9041-71E577A3FA65}.Release|Any CPU.ActiveCfg = Release|Any CPU
		{565927A9-FD52-4F52-9041-71E577A3FA65}.Release|Any CPU.Build.0 = Release|Any CPU
	EndGlobalSection
	GlobalSection(SolutionProperties) = preSolution
		HideSolutionNode = FALSE
	EndGlobalSection
	GlobalSection(ExtensibilityGlobals) = postSolution
		SolutionGuid = {F4EBA525-4B4E-416D-80BA-E4937907F435}
	EndGlobalSection
EndGlobal
