
Microsoft Visual Studio Solution File, Format Version 12.00
# Visual Studio Version 17
VisualStudioVersion = 17.5.33530.505
MinimumVisualStudioVersion = 10.0.40219.1
Project("{FAE04EC0-301F-11D3-BF4B-00C04F79EFBC}") = "TestingPractice", "TestingPractice\TestingPractice.csproj", "{320867A3-B39E-479C-8E0B-535EA412C0ED}"
EndProject
Project("{FAE04EC0-301F-11D3-BF4B-00C04F79EFBC}") = "TestingPracticeTests", "TestingPracticeTests\TestingPracticeTests.csproj", "{4AA7D5D6-8425-4E15-BE98-972F67B859D0}"
EndProject
Global
	GlobalSection(SolutionConfigurationPlatforms) = preSolution
		Debug|Any CPU = Debug|Any CPU
		Release|Any CPU = Release|Any CPU
	EndGlobalSection
	GlobalSection(ProjectConfigurationPlatforms) = postSolution
		{320867A3-B39E-479C-8E0B-535EA412C0ED}.Debug|Any CPU.ActiveCfg = Debug|Any CPU
		{320867A3-B39E-479C-8E0B-535EA412C0ED}.Debug|Any CPU.Build.0 = Debug|Any CPU
		{320867A3-B39E-479C-8E0B-535EA412C0ED}.Release|Any CPU.ActiveCfg = Release|Any CPU
		{320867A3-B39E-479C-8E0B-535EA412C0ED}.Release|Any CPU.Build.0 = Release|Any CPU
		{4AA7D5D6-8425-4E15-BE98-972F67B859D0}.Debug|Any CPU.ActiveCfg = Debug|Any CPU
		{4AA7D5D6-8425-4E15-BE98-972F67B859D0}.Debug|Any CPU.Build.0 = Debug|Any CPU
		{4AA7D5D6-8425-4E15-BE98-972F67B859D0}.Release|Any CPU.ActiveCfg = Release|Any CPU
		{4AA7D5D6-8425-4E15-BE98-972F67B859D0}.Release|Any CPU.Build.0 = Release|Any CPU
	EndGlobalSection
	GlobalSection(SolutionProperties) = preSolution
		HideSolutionNode = FALSE
	EndGlobalSection
	GlobalSection(ExtensibilityGlobals) = postSolution
		SolutionGuid = {AD3BBEF2-549C-47AF-9383-5724BC415DF9}
	EndGlobalSection
EndGlobal
