
Microsoft Visual Studio Solution File, Format Version 12.00
# Visual Studio Version 17
VisualStudioVersion = 17.5.33530.505
MinimumVisualStudioVersion = 10.0.40219.1
Project("{FAE04EC0-301F-11D3-BF4B-00C04F79EFBC}") = "loop", "loop\loop.csproj", "{92BAB9C2-5D0C-46E5-8304-35D14338DA6C}"
EndProject
Global
	GlobalSection(SolutionConfigurationPlatforms) = preSolution
		Debug|Any CPU = Debug|Any CPU
		Release|Any CPU = Release|Any CPU
	EndGlobalSection
	GlobalSection(ProjectConfigurationPlatforms) = postSolution
		{92BAB9C2-5D0C-46E5-8304-35D14338DA6C}.Debug|Any CPU.ActiveCfg = Debug|Any CPU
		{92BAB9C2-5D0C-46E5-8304-35D14338DA6C}.Debug|Any CPU.Build.0 = Debug|Any CPU
		{92BAB9C2-5D0C-46E5-8304-35D14338DA6C}.Release|Any CPU.ActiveCfg = Release|Any CPU
		{92BAB9C2-5D0C-46E5-8304-35D14338DA6C}.Release|Any CPU.Build.0 = Release|Any CPU
	EndGlobalSection
	GlobalSection(SolutionProperties) = preSolution
		HideSolutionNode = FALSE
	EndGlobalSection
	GlobalSection(ExtensibilityGlobals) = postSolution
		SolutionGuid = {240155D5-6FC5-4FC0-8D26-B78CB233EB98}
	EndGlobalSection
EndGlobal
