
Microsoft Visual Studio Solution File, Format Version 12.00
# Visual Studio Version 17
VisualStudioVersion = 17.5.33530.505
MinimumVisualStudioVersion = 10.0.40219.1
Project("{FAE04EC0-301F-11D3-BF4B-00C04F79EFBC}") = "EF3", "EF3\EF3.csproj", "{56E09718-7A50-4D57-B12E-3A642DDF3CFF}"
EndProject
Global
	GlobalSection(SolutionConfigurationPlatforms) = preSolution
		Debug|Any CPU = Debug|Any CPU
		Release|Any CPU = Release|Any CPU
	EndGlobalSection
	GlobalSection(ProjectConfigurationPlatforms) = postSolution
		{56E09718-7A50-4D57-B12E-3A642DDF3CFF}.Debug|Any CPU.ActiveCfg = Debug|Any CPU
		{56E09718-7A50-4D57-B12E-3A642DDF3CFF}.Debug|Any CPU.Build.0 = Debug|Any CPU
		{56E09718-7A50-4D57-B12E-3A642DDF3CFF}.Release|Any CPU.ActiveCfg = Release|Any CPU
		{56E09718-7A50-4D57-B12E-3A642DDF3CFF}.Release|Any CPU.Build.0 = Release|Any CPU
	EndGlobalSection
	GlobalSection(SolutionProperties) = preSolution
		HideSolutionNode = FALSE
	EndGlobalSection
	GlobalSection(ExtensibilityGlobals) = postSolution
		SolutionGuid = {81E804BE-F2C5-4F99-BB9A-10A116E3C7AD}
	EndGlobalSection
EndGlobal
