
Microsoft Visual Studio Solution File, Format Version 12.00
# Visual Studio Version 17
VisualStudioVersion = 17.5.33530.505
MinimumVisualStudioVersion = 10.0.40219.1
Project("{FAE04EC0-301F-11D3-BF4B-00C04F79EFBC}") = "UnitTestMVC(20-06-23)HW", "UnitTestMVC(20-06-23)HW\UnitTestMVC(20-06-23)HW.csproj", "{F01360E3-000F-42E1-8B8E-387B56A87CB0}"
EndProject
Project("{FAE04EC0-301F-11D3-BF4B-00C04F79EFBC}") = "UserService", "UserService\UserService.csproj", "{038CE9C7-C270-4EB9-8CAD-8E6BD9AEF0A0}"
EndProject
Project("{FAE04EC0-301F-11D3-BF4B-00C04F79EFBC}") = "DataService", "DataService\DataService.csproj", "{8C881955-9A70-4513-B2FE-353B77CAF256}"
EndProject
Global
	GlobalSection(SolutionConfigurationPlatforms) = preSolution
		Debug|Any CPU = Debug|Any CPU
		Release|Any CPU = Release|Any CPU
	EndGlobalSection
	GlobalSection(ProjectConfigurationPlatforms) = postSolution
		{F01360E3-000F-42E1-8B8E-387B56A87CB0}.Debug|Any CPU.ActiveCfg = Debug|Any CPU
		{F01360E3-000F-42E1-8B8E-387B56A87CB0}.Debug|Any CPU.Build.0 = Debug|Any CPU
		{F01360E3-000F-42E1-8B8E-387B56A87CB0}.Release|Any CPU.ActiveCfg = Release|Any CPU
		{F01360E3-000F-42E1-8B8E-387B56A87CB0}.Release|Any CPU.Build.0 = Release|Any CPU
		{038CE9C7-C270-4EB9-8CAD-8E6BD9AEF0A0}.Debug|Any CPU.ActiveCfg = Debug|Any CPU
		{038CE9C7-C270-4EB9-8CAD-8E6BD9AEF0A0}.Debug|Any CPU.Build.0 = Debug|Any CPU
		{038CE9C7-C270-4EB9-8CAD-8E6BD9AEF0A0}.Release|Any CPU.ActiveCfg = Release|Any CPU
		{038CE9C7-C270-4EB9-8CAD-8E6BD9AEF0A0}.Release|Any CPU.Build.0 = Release|Any CPU
		{8C881955-9A70-4513-B2FE-353B77CAF256}.Debug|Any CPU.ActiveCfg = Debug|Any CPU
		{8C881955-9A70-4513-B2FE-353B77CAF256}.Debug|Any CPU.Build.0 = Debug|Any CPU
		{8C881955-9A70-4513-B2FE-353B77CAF256}.Release|Any CPU.ActiveCfg = Release|Any CPU
		{8C881955-9A70-4513-B2FE-353B77CAF256}.Release|Any CPU.Build.0 = Release|Any CPU
	EndGlobalSection
	GlobalSection(SolutionProperties) = preSolution
		HideSolutionNode = FALSE
	EndGlobalSection
	GlobalSection(ExtensibilityGlobals) = postSolution
		SolutionGuid = {EADD2B3D-393F-4DFF-9E6A-41B23418C7A0}
	EndGlobalSection
EndGlobal
