
Microsoft Visual Studio Solution File, Format Version 12.00
# Visual Studio Version 17
VisualStudioVersion = 17.5.33530.505
MinimumVisualStudioVersion = 10.0.40219.1
Project("{FAE04EC0-301F-11D3-BF4B-00C04F79EFBC}") = "EvokeWebApi", "EvokeWebApi\EvokeWebApi.csproj", "{63088875-B204-40FD-9490-828D26AA7884}"
EndProject
Global
	GlobalSection(SolutionConfigurationPlatforms) = preSolution
		Debug|Any CPU = Debug|Any CPU
		Release|Any CPU = Release|Any CPU
	EndGlobalSection
	GlobalSection(ProjectConfigurationPlatforms) = postSolution
		{63088875-B204-40FD-9490-828D26AA7884}.Debug|Any CPU.ActiveCfg = Debug|Any CPU
		{63088875-B204-40FD-9490-828D26AA7884}.Debug|Any CPU.Build.0 = Debug|Any CPU
		{63088875-B204-40FD-9490-828D26AA7884}.Release|Any CPU.ActiveCfg = Release|Any CPU
		{63088875-B204-40FD-9490-828D26AA7884}.Release|Any CPU.Build.0 = Release|Any CPU
	EndGlobalSection
	GlobalSection(SolutionProperties) = preSolution
		HideSolutionNode = FALSE
	EndGlobalSection
	GlobalSection(ExtensibilityGlobals) = postSolution
		SolutionGuid = {51E18E2B-F919-468E-B0C4-40FF2BC9D3F7}
	EndGlobalSection
EndGlobal
