
Microsoft Visual Studio Solution File, Format Version 12.00
# Visual Studio Version 17
VisualStudioVersion = 17.5.33530.505
MinimumVisualStudioVersion = 10.0.40219.1
Project("{FAE04EC0-301F-11D3-BF4B-00C04F79EFBC}") = "Swap", "Swap\Swap.csproj", "{D3EC459B-D69E-4868-BCF0-2975573F3AF8}"
EndProject
Global
	GlobalSection(SolutionConfigurationPlatforms) = preSolution
		Debug|Any CPU = Debug|Any CPU
		Release|Any CPU = Release|Any CPU
	EndGlobalSection
	GlobalSection(ProjectConfigurationPlatforms) = postSolution
		{D3EC459B-D69E-4868-BCF0-2975573F3AF8}.Debug|Any CPU.ActiveCfg = Debug|Any CPU
		{D3EC459B-D69E-4868-BCF0-2975573F3AF8}.Debug|Any CPU.Build.0 = Debug|Any CPU
		{D3EC459B-D69E-4868-BCF0-2975573F3AF8}.Release|Any CPU.ActiveCfg = Release|Any CPU
		{D3EC459B-D69E-4868-BCF0-2975573F3AF8}.Release|Any CPU.Build.0 = Release|Any CPU
	EndGlobalSection
	GlobalSection(SolutionProperties) = preSolution
		HideSolutionNode = FALSE
	EndGlobalSection
	GlobalSection(ExtensibilityGlobals) = postSolution
		SolutionGuid = {685FA375-3B5A-426C-88C9-9809630DD96E}
	EndGlobalSection
EndGlobal
