
Microsoft Visual Studio Solution File, Format Version 12.00
# Visual Studio Version 17
VisualStudioVersion = 17.5.33530.505
MinimumVisualStudioVersion = 10.0.40219.1
Project("{FAE04EC0-301F-11D3-BF4B-00C04F79EFBC}") = "AjaxIntro", "AjaxIntro\AjaxIntro.csproj", "{674E4580-E0EF-4E8A-9E13-CD6A4B8B1D77}"
EndProject
Global
	GlobalSection(SolutionConfigurationPlatforms) = preSolution
		Debug|Any CPU = Debug|Any CPU
		Release|Any CPU = Release|Any CPU
	EndGlobalSection
	GlobalSection(ProjectConfigurationPlatforms) = postSolution
		{674E4580-E0EF-4E8A-9E13-CD6A4B8B1D77}.Debug|Any CPU.ActiveCfg = Debug|Any CPU
		{674E4580-E0EF-4E8A-9E13-CD6A4B8B1D77}.Debug|Any CPU.Build.0 = Debug|Any CPU
		{674E4580-E0EF-4E8A-9E13-CD6A4B8B1D77}.Release|Any CPU.ActiveCfg = Release|Any CPU
		{674E4580-E0EF-4E8A-9E13-CD6A4B8B1D77}.Release|Any CPU.Build.0 = Release|Any CPU
	EndGlobalSection
	GlobalSection(SolutionProperties) = preSolution
		HideSolutionNode = FALSE
	EndGlobalSection
	GlobalSection(ExtensibilityGlobals) = postSolution
		SolutionGuid = {A857508C-ECDF-4B99-95CE-0833C8D13A06}
	EndGlobalSection
EndGlobal
