
Microsoft Visual Studio Solution File, Format Version 12.00
# Visual Studio Version 17
VisualStudioVersion = 17.5.33530.505
MinimumVisualStudioVersion = 10.0.40219.1
Project("{FAE04EC0-301F-11D3-BF4B-00C04F79EFBC}") = "ViewDataViewBag", "ViewDataViewBag\ViewDataViewBag.csproj", "{ACA2B473-26C0-41AC-B7D4-335B27647D15}"
EndProject
Global
	GlobalSection(SolutionConfigurationPlatforms) = preSolution
		Debug|Any CPU = Debug|Any CPU
		Release|Any CPU = Release|Any CPU
	EndGlobalSection
	GlobalSection(ProjectConfigurationPlatforms) = postSolution
		{ACA2B473-26C0-41AC-B7D4-335B27647D15}.Debug|Any CPU.ActiveCfg = Debug|Any CPU
		{ACA2B473-26C0-41AC-B7D4-335B27647D15}.Debug|Any CPU.Build.0 = Debug|Any CPU
		{ACA2B473-26C0-41AC-B7D4-335B27647D15}.Release|Any CPU.ActiveCfg = Release|Any CPU
		{ACA2B473-26C0-41AC-B7D4-335B27647D15}.Release|Any CPU.Build.0 = Release|Any CPU
	EndGlobalSection
	GlobalSection(SolutionProperties) = preSolution
		HideSolutionNode = FALSE
	EndGlobalSection
	GlobalSection(ExtensibilityGlobals) = postSolution
		SolutionGuid = {68251561-CACE-441D-887D-0ECD5FF60A42}
	EndGlobalSection
EndGlobal
