
Microsoft Visual Studio Solution File, Format Version 12.00
# Visual Studio Version 17
VisualStudioVersion = 17.5.33530.505
MinimumVisualStudioVersion = 10.0.40219.1
Project("{FAE04EC0-301F-11D3-BF4B-00C04F79EFBC}") = "FormsAuthenticationEvoke", "FormsAuthenticationEvoke\FormsAuthenticationEvoke.csproj", "{C75FC76A-0828-457B-98C3-B44319BB19AB}"
EndProject
Global
	GlobalSection(SolutionConfigurationPlatforms) = preSolution
		Debug|Any CPU = Debug|Any CPU
		Release|Any CPU = Release|Any CPU
	EndGlobalSection
	GlobalSection(ProjectConfigurationPlatforms) = postSolution
		{C75FC76A-0828-457B-98C3-B44319BB19AB}.Debug|Any CPU.ActiveCfg = Debug|Any CPU
		{C75FC76A-0828-457B-98C3-B44319BB19AB}.Debug|Any CPU.Build.0 = Debug|Any CPU
		{C75FC76A-0828-457B-98C3-B44319BB19AB}.Release|Any CPU.ActiveCfg = Release|Any CPU
		{C75FC76A-0828-457B-98C3-B44319BB19AB}.Release|Any CPU.Build.0 = Release|Any CPU
	EndGlobalSection
	GlobalSection(SolutionProperties) = preSolution
		HideSolutionNode = FALSE
	EndGlobalSection
	GlobalSection(ExtensibilityGlobals) = postSolution
		SolutionGuid = {0FAD7413-82F7-4C01-A337-FA4AFE35E8FC}
	EndGlobalSection
EndGlobal
