
Microsoft Visual Studio Solution File, Format Version 12.00
# Visual Studio Version 17
VisualStudioVersion = 17.5.33530.505
MinimumVisualStudioVersion = 10.0.40219.1
Project("{FAE04EC0-301F-11D3-BF4B-00C04F79EFBC}") = "PagesAssignment", "PagesAssignment\PagesAssignment.csproj", "{D94DAF64-10F0-48F7-B77D-FBB57A1FD8D1}"
EndProject
Global
	GlobalSection(SolutionConfigurationPlatforms) = preSolution
		Debug|Any CPU = Debug|Any CPU
		Release|Any CPU = Release|Any CPU
	EndGlobalSection
	GlobalSection(ProjectConfigurationPlatforms) = postSolution
		{D94DAF64-10F0-48F7-B77D-FBB57A1FD8D1}.Debug|Any CPU.ActiveCfg = Debug|Any CPU
		{D94DAF64-10F0-48F7-B77D-FBB57A1FD8D1}.Debug|Any CPU.Build.0 = Debug|Any CPU
		{D94DAF64-10F0-48F7-B77D-FBB57A1FD8D1}.Release|Any CPU.ActiveCfg = Release|Any CPU
		{D94DAF64-10F0-48F7-B77D-FBB57A1FD8D1}.Release|Any CPU.Build.0 = Release|Any CPU
	EndGlobalSection
	GlobalSection(SolutionProperties) = preSolution
		HideSolutionNode = FALSE
	EndGlobalSection
	GlobalSection(ExtensibilityGlobals) = postSolution
		SolutionGuid = {510E54A0-0D79-481D-9857-FB6FD118355C}
	EndGlobalSection
EndGlobal
