
Microsoft Visual Studio Solution File, Format Version 12.00
# Visual Studio Version 17
VisualStudioVersion = 17.5.33530.505
MinimumVisualStudioVersion = 10.0.40219.1
Project("{FAE04EC0-301F-11D3-BF4B-00C04F79EFBC}") = "CourseADOPractice", "CourseADOPractice\CourseADOPractice.csproj", "{463759FE-7804-4E6D-AF37-58EE69AB8C4A}"
EndProject
Global
	GlobalSection(SolutionConfigurationPlatforms) = preSolution
		Debug|Any CPU = Debug|Any CPU
		Release|Any CPU = Release|Any CPU
	EndGlobalSection
	GlobalSection(ProjectConfigurationPlatforms) = postSolution
		{463759FE-7804-4E6D-AF37-58EE69AB8C4A}.Debug|Any CPU.ActiveCfg = Debug|Any CPU
		{463759FE-7804-4E6D-AF37-58EE69AB8C4A}.Debug|Any CPU.Build.0 = Debug|Any CPU
		{463759FE-7804-4E6D-AF37-58EE69AB8C4A}.Release|Any CPU.ActiveCfg = Release|Any CPU
		{463759FE-7804-4E6D-AF37-58EE69AB8C4A}.Release|Any CPU.Build.0 = Release|Any CPU
	EndGlobalSection
	GlobalSection(SolutionProperties) = preSolution
		HideSolutionNode = FALSE
	EndGlobalSection
	GlobalSection(ExtensibilityGlobals) = postSolution
		SolutionGuid = {91748F3D-2B91-43BB-B832-BB6396E6DA3A}
	EndGlobalSection
EndGlobal
