
Microsoft Visual Studio Solution File, Format Version 12.00
# Visual Studio Version 17
VisualStudioVersion = 17.5.33530.505
MinimumVisualStudioVersion = 10.0.40219.1
Project("{FAE04EC0-301F-11D3-BF4B-00C04F79EFBC}") = "ADO", "ADO\ADO.csproj", "{578BC22C-8443-4CB4-9E94-793742B980DD}"
EndProject
Global
	GlobalSection(SolutionConfigurationPlatforms) = preSolution
		Debug|Any CPU = Debug|Any CPU
		Release|Any CPU = Release|Any CPU
	EndGlobalSection
	GlobalSection(ProjectConfigurationPlatforms) = postSolution
		{578BC22C-8443-4CB4-9E94-793742B980DD}.Debug|Any CPU.ActiveCfg = Debug|Any CPU
		{578BC22C-8443-4CB4-9E94-793742B980DD}.Debug|Any CPU.Build.0 = Debug|Any CPU
		{578BC22C-8443-4CB4-9E94-793742B980DD}.Release|Any CPU.ActiveCfg = Release|Any CPU
		{578BC22C-8443-4CB4-9E94-793742B980DD}.Release|Any CPU.Build.0 = Release|Any CPU
	EndGlobalSection
	GlobalSection(SolutionProperties) = preSolution
		HideSolutionNode = FALSE
	EndGlobalSection
	GlobalSection(ExtensibilityGlobals) = postSolution
		SolutionGuid = {F4A46C17-D36B-4D85-83D7-983515C3010D}
	EndGlobalSection
EndGlobal
